
Microsoft Visual Studio Solution File, Format Version 10.00
# Visual Studio 2008
Project("{8BC9CEB8-8B4A-11D0-8D11-00A0C91BC942}") = "RealTimeMediaPlayer", "RealTimeMediaPlayer.vcproj", "{4D342E85-9D50-418E-B9D1-D5CE4E3B74A8}"
EndProject
Global
	GlobalSection(SolutionConfigurationPlatforms) = preSolution
		Debug|Win32 = Debug|Win32
		Release|Win32 = Release|Win32
	EndGlobalSection
	GlobalSection(ProjectConfigurationPlatforms) = postSolution
		{4D342E85-9D50-418E-B9D1-D5CE4E3B74A8}.Debug|Win32.ActiveCfg = Debug|Win32
		{4D342E85-9D50-418E-B9D1-D5CE4E3B74A8}.Debug|Win32.Build.0 = Debug|Win32
		{4D342E85-9D50-418E-B9D1-D5CE4E3B74A8}.Release|Win32.ActiveCfg = Release|Win32
		{4D342E85-9D50-418E-B9D1-D5CE4E3B74A8}.Release|Win32.Build.0 = Release|Win32
	EndGlobalSection
	GlobalSection(SolutionProperties) = preSolution
		HideSolutionNode = FALSE
	EndGlobalSection
EndGlobal
